
Microsoft Visual Studio Solution File, Format Version 12.00
# Visual Studio 14
VisualStudioVersion = 14.0.25420.1
MinimumVisualStudioVersion = 10.0.40219.1
Project("{2150E333-8FDC-42A3-9474-1A3956D46DE8}") = "src", "src", "{49718BF2-8E79-419F-9469-23A86F66A51D}"
EndProject
Project("{2150E333-8FDC-42A3-9474-1A3956D46DE8}") = "Solution Items", "Solution Items", "{635C34F1-C327-49F1-BF41-F4EF99A9B374}"
	ProjectSection(SolutionItems) = preProject
		global.json = global.json
	EndProjectSection
EndProject
Project("{8BB2217D-0F2D-49D1-97BC-3654ED321F3B}") = "TravelStateUpdater.ConsoleWorker", "src\TravelStateUpdater.ConsoleWorker\TravelStateUpdater.ConsoleWorker.xproj", "{A3116326-9C43-43D6-A21B-6CF154DAA7B4}"
EndProject
Project("{8BB2217D-0F2D-49D1-97BC-3654ED321F3B}") = "TravelStateUpdater.Core", "src\TravelStateUpdater.Core\TravelStateUpdater.Core.xproj", "{6EBCD1C4-6597-4E10-B8FE-520568B3D09D}"
EndProject
Project("{8BB2217D-0F2D-49D1-97BC-3654ED321F3B}") = "TravelStateUpdater.UsaGovermentIntegration", "src\TravelStateUpdater.UsaGovermentIntegration\TravelStateUpdater.UsaGovermentIntegration.xproj", "{A1BB7209-76CF-4A35-85E6-BAF951A59E23}"
EndProject
Global
	GlobalSection(SolutionConfigurationPlatforms) = preSolution
		Debug|Any CPU = Debug|Any CPU
		Release|Any CPU = Release|Any CPU
	EndGlobalSection
	GlobalSection(ProjectConfigurationPlatforms) = postSolution
		{A3116326-9C43-43D6-A21B-6CF154DAA7B4}.Debug|Any CPU.ActiveCfg = Debug|Any CPU
		{A3116326-9C43-43D6-A21B-6CF154DAA7B4}.Debug|Any CPU.Build.0 = Debug|Any CPU
		{A3116326-9C43-43D6-A21B-6CF154DAA7B4}.Release|Any CPU.ActiveCfg = Release|Any CPU
		{A3116326-9C43-43D6-A21B-6CF154DAA7B4}.Release|Any CPU.Build.0 = Release|Any CPU
		{6EBCD1C4-6597-4E10-B8FE-520568B3D09D}.Debug|Any CPU.ActiveCfg = Debug|Any CPU
		{6EBCD1C4-6597-4E10-B8FE-520568B3D09D}.Debug|Any CPU.Build.0 = Debug|Any CPU
		{6EBCD1C4-6597-4E10-B8FE-520568B3D09D}.Release|Any CPU.ActiveCfg = Release|Any CPU
		{6EBCD1C4-6597-4E10-B8FE-520568B3D09D}.Release|Any CPU.Build.0 = Release|Any CPU
		{A1BB7209-76CF-4A35-85E6-BAF951A59E23}.Debug|Any CPU.ActiveCfg = Debug|Any CPU
		{A1BB7209-76CF-4A35-85E6-BAF951A59E23}.Debug|Any CPU.Build.0 = Debug|Any CPU
		{A1BB7209-76CF-4A35-85E6-BAF951A59E23}.Release|Any CPU.ActiveCfg = Release|Any CPU
		{A1BB7209-76CF-4A35-85E6-BAF951A59E23}.Release|Any CPU.Build.0 = Release|Any CPU
	EndGlobalSection
	GlobalSection(SolutionProperties) = preSolution
		HideSolutionNode = FALSE
	EndGlobalSection
	GlobalSection(NestedProjects) = preSolution
		{A3116326-9C43-43D6-A21B-6CF154DAA7B4} = {49718BF2-8E79-419F-9469-23A86F66A51D}
		{6EBCD1C4-6597-4E10-B8FE-520568B3D09D} = {49718BF2-8E79-419F-9469-23A86F66A51D}
		{A1BB7209-76CF-4A35-85E6-BAF951A59E23} = {49718BF2-8E79-419F-9469-23A86F66A51D}
	EndGlobalSection
EndGlobal
